
Microsoft Visual Studio Solution File, Format Version 12.00
# Visual Studio Version 17
VisualStudioVersion = 17.6.33815.320
MinimumVisualStudioVersion = 10.0.40219.1
Project("{FAE04EC0-301F-11D3-BF4B-00C04F79EFBC}") = "Inheritance", "Inheritance\Inheritance.csproj", "{26FD61F7-578A-4936-A5BB-4AC97CB7E63B}"
EndProject
Global
	GlobalSection(SolutionConfigurationPlatforms) = preSolution
		Debug|Any CPU = Debug|Any CPU
		Release|Any CPU = Release|Any CPU
	EndGlobalSection
	GlobalSection(ProjectConfigurationPlatforms) = postSolution
		{26FD61F7-578A-4936-A5BB-4AC97CB7E63B}.Debug|Any CPU.ActiveCfg = Debug|Any CPU
		{26FD61F7-578A-4936-A5BB-4AC97CB7E63B}.Debug|Any CPU.Build.0 = Debug|Any CPU
		{26FD61F7-578A-4936-A5BB-4AC97CB7E63B}.Release|Any CPU.ActiveCfg = Release|Any CPU
		{26FD61F7-578A-4936-A5BB-4AC97CB7E63B}.Release|Any CPU.Build.0 = Release|Any CPU
	EndGlobalSection
	GlobalSection(SolutionProperties) = preSolution
		HideSolutionNode = FALSE
	EndGlobalSection
	GlobalSection(ExtensibilityGlobals) = postSolution
		SolutionGuid = {438B95C5-AF26-4B0C-BCE7-86444643DE4A}
	EndGlobalSection
EndGlobal
